
Microsoft Visual Studio Solution File, Format Version 12.00
# Visual Studio Version 17
VisualStudioVersion = 17.9.34902.65
MinimumVisualStudioVersion = 10.0.40219.1
Project("{9A19103F-16F7-4668-BE54-9A1E7A4F7556}") = "TestingBlazor", "TestingBlazor.csproj", "{3D414A74-104D-47E5-9F85-9C3DC3F4B773}"
EndProject
Global
	GlobalSection(SolutionConfigurationPlatforms) = preSolution
		Debug|Any CPU = Debug|Any CPU
		Release|Any CPU = Release|Any CPU
	EndGlobalSection
	GlobalSection(ProjectConfigurationPlatforms) = postSolution
		{3D414A74-104D-47E5-9F85-9C3DC3F4B773}.Debug|Any CPU.ActiveCfg = Debug|Any CPU
		{3D414A74-104D-47E5-9F85-9C3DC3F4B773}.Debug|Any CPU.Build.0 = Debug|Any CPU
		{3D414A74-104D-47E5-9F85-9C3DC3F4B773}.Release|Any CPU.ActiveCfg = Release|Any CPU
		{3D414A74-104D-47E5-9F85-9C3DC3F4B773}.Release|Any CPU.Build.0 = Release|Any CPU
	EndGlobalSection
	GlobalSection(SolutionProperties) = preSolution
		HideSolutionNode = FALSE
	EndGlobalSection
	GlobalSection(ExtensibilityGlobals) = postSolution
		SolutionGuid = {8CB3B40D-7459-427D-9D8B-931D9DD4B5FD}
	EndGlobalSection
EndGlobal
